{
  "name": "sails-pay",
  "version": "0.0.1",
  "lockfileVersion": 3,
  "requires": true,
  "packages": {
    "": {
      "name": "sails-pay",
      "version": "1.0.0",
      "license": "ISC",
      "workspaces": [
        "packages/sails-lemonsqueezy",
        "packages/sails-hook-pay"
      ]
    },
    "packages/sails-lemonsqueezy": {
      "version": "0.0.1",
      "extraneous": true,
      "license": "MIT"
    },
    "node_modules/sails-hook-pay": {
      "resolved": "packages/sails-hook-pay",
      "link": true
    },
    "packages/sails-hook-pay": {
      "version": "0.0.1",
      "license": "MIT",
      "devDependencies": {}
    }
  }
}
